// !$*UTF8*$!
{
	archiveVersion = 1;
	classes = {
	};
	objectVersion = 46;
	objects = {

/* Begin PBXBuildFile section */
		529D78CF1F212A8600B1589C /* AppDelegate.swift in Sources */ = {isa = PBXBuildFile; fileRef = 529D78CE1F212A8600B1589C /* AppDelegate.swift */; };
		529D78D11F212A8600B1589C /* ViewController.swift in Sources */ = {isa = PBXBuildFile; fileRef = 529D78D01F212A8600B1589C /* ViewController.swift */; };
		529D78D41F212A8600B1589C /* Main.storyboard in Resources */ = {isa = PBXBuildFile; fileRef = 529D78D21F212A8600B1589C /* Main.storyboard */; };
		529D78D61F212A8600B1589C /* Assets.xcassets in Resources */ = {isa = PBXBuildFile; fileRef = 529D78D51F212A8600B1589C /* Assets.xcassets */; };
		529D78D91F212A8600B1589C /* LaunchScreen.storyboard in Resources */ = {isa = PBXBuildFile; fileRef = 529D78D71F212A8600B1589C /* LaunchScreen.storyboard */; };
		529D78E21F213D4700B1589C /* PageView.xib in Resources */ = {isa = PBXBuildFile; fileRef = 529D78E11F213D4700B1589C /* PageView.xib */; };
		529D78E41F213D9300B1589C /* PageView.swift in Sources */ = {isa = PBXBuildFile; fileRef = 529D78E31F213D9300B1589C /* PageView.swift */; };
/* End PBXBuildFile section */

/* Begin PBXFileReference section */
		529D78CB1F212A8600B1589C /* custom-paging.app */ = {isa = PBXFileReference; explicitFileType = wrapper.application; includeInIndex = 0; path = "custom-paging.app"; sourceTree = BUILT_PRODUCTS_DIR; };
		529D78CE1F212A8600B1589C /* AppDelegate.swift */ = {isa = PBXFileReference; lastKnownFileType = sourcecode.swift; path = AppDelegate.swift; sourceTree = "<group>"; };
		529D78D01F212A8600B1589C /* ViewController.swift */ = {isa = PBXFileReference; lastKnownFileType = sourcecode.swift; path = ViewController.swift; sourceTree = "<group>"; };
		529D78D31F212A8600B1589C /* Base */ = {isa = PBXFileReference; lastKnownFileType = file.storyboard; name = Base; path = Base.lproj/Main.storyboard; sourceTree = "<group>"; };
		529D78D51F212A8600B1589C /* Assets.xcassets */ = {isa = PBXFileReference; lastKnownFileType = folder.assetcatalog; path = Assets.xcassets; sourceTree = "<group>"; };
		529D78D81F212A8600B1589C /* Base */ = {isa = PBXFileReference; lastKnownFileType = file.storyboard; name = Base; path = Base.lproj/LaunchScreen.storyboard; sourceTree = "<group>"; };
		529D78DA1F212A8600B1589C /* Info.plist */ = {isa = PBXFileReference; lastKnownFileType = text.plist.xml; path = Info.plist; sourceTree = "<group>"; };
		529D78E11F213D4700B1589C /* PageView.xib */ = {isa = PBXFileReference; fileEncoding = 4; lastKnownFileType = file.xib; path = PageView.xib; sourceTree = "<group>"; };
		529D78E31F213D9300B1589C /* PageView.swift */ = {isa = PBXFileReference; fileEncoding = 4; lastKnownFileType = sourcecode.swift; path = PageView.swift; sourceTree = "<group>"; };
/* End PBXFileReference section */

/* Begin PBXFrameworksBuildPhase section */
		529D78C81F212A8600B1589C /* Frameworks */ = {
			isa = PBXFrameworksBuildPhase;
			buildActionMask = 2147483647;
			files = (
			);
			runOnlyForDeploymentPostprocessing = 0;
		};
/* End PBXFrameworksBuildPhase section */

/* Begin PBXGroup section */
		529D78C21F212A8600B1589C = {
			isa = PBXGroup;
			children = (
				529D78CD1F212A8600B1589C /* custom-paging */,
				529D78CC1F212A8600B1589C /* Products */,
			);
			sourceTree = "<group>";
		};
		529D78CC1F212A8600B1589C /* Products */ = {
			isa = PBXGroup;
			children = (
				529D78CB1F212A8600B1589C /* custom-paging.app */,
			);
			name = Products;
			sourceTree = "<group>";
		};
		529D78CD1F212A8600B1589C /* custom-paging */ = {
			isa = PBXGroup;
			children = (
				529D78CE1F212A8600B1589C /* AppDelegate.swift */,
				529D78D01F212A8600B1589C /* ViewController.swift */,
				529D78D21F212A8600B1589C /* Main.storyboard */,
				529D78D51F212A8600B1589C /* Assets.xcassets */,
				529D78D71F212A8600B1589C /* LaunchScreen.storyboard */,
				529D78DA1F212A8600B1589C /* Info.plist */,
				529D78E11F213D4700B1589C /* PageView.xib */,
				529D78E31F213D9300B1589C /* PageView.swift */,
			);
			path = "custom-paging";
			sourceTree = "<group>";
		};
/* End PBXGroup section */

/* Begin PBXNativeTarget section */
		529D78CA1F212A8600B1589C /* custom-paging */ = {
			isa = PBXNativeTarget;
			buildConfigurationList = 529D78DD1F212A8600B1589C /* Build configuration list for PBXNativeTarget "custom-paging" */;
			buildPhases = (
				529D78C71F212A8600B1589C /* Sources */,
				529D78C81F212A8600B1589C /* Frameworks */,
				529D78C91F212A8600B1589C /* Resources */,
			);
			buildRules = (
			);
			dependencies = (
			);
			name = "custom-paging";
			productName = "custom-paging";
			productReference = 529D78CB1F212A8600B1589C /* custom-paging.app */;
			productType = "com.apple.product-type.application";
		};
/* End PBXNativeTarget section */

/* Begin PBXProject section */
		529D78C31F212A8600B1589C /* Project object */ = {
			isa = PBXProject;
			attributes = {
				LastSwiftUpdateCheck = 0830;
				LastUpgradeCheck = 0830;
				ORGANIZATIONNAME = "Joseph Cassano";
				TargetAttributes = {
					529D78CA1F212A8600B1589C = {
						CreatedOnToolsVersion = 8.3.3;
						DevelopmentTeam = W8XEBKJY5M;
						ProvisioningStyle = Automatic;
					};
				};
			};
			buildConfigurationList = 529D78C61F212A8600B1589C /* Build configuration list for PBXProject "custom-paging" */;
			compatibilityVersion = "Xcode 3.2";
			developmentRegion = English;
			hasScannedForEncodings = 0;
			knownRegions = (
				en,
				Base,
			);
			mainGroup = 529D78C21F212A8600B1589C;
			productRefGroup = 529D78CC1F212A8600B1589C /* Products */;
			projectDirPath = "";
			projectRoot = "";
			targets = (
				529D78CA1F212A8600B1589C /* custom-paging */,
			);
		};
/* End PBXProject section */

/* Begin PBXResourcesBuildPhase section */
		529D78C91F212A8600B1589C /* Resources */ = {
			isa = PBXResourcesBuildPhase;
			buildActionMask = 2147483647;
			files = (
				529D78D91F212A8600B1589C /* LaunchScreen.storyboard in Resources */,
				529D78E21F213D4700B1589C /* PageView.xib in Resources */,
				529D78D61F212A8600B1589C /* Assets.xcassets in Resources */,
				529D78D41F212A8600B1589C /* Main.storyboard in Resources */,
			);
			runOnlyForDeploymentPostprocessing = 0;
		};
/* End PBXResourcesBuildPhase section */

/* Begin PBXSourcesBuildPhase section */
		529D78C71F212A8600B1589C /* Sources */ = {
			isa = PBXSourcesBuildPhase;
			buildActionMask = 2147483647;
			files = (
				529D78D11F212A8600B1589C /* ViewController.swift in Sources */,
				529D78E41F213D9300B1589C /* PageView.swift in Sources */,
				529D78CF1F212A8600B1589C /* AppDelegate.swift in Sources */,
			);
			runOnlyForDeploymentPostprocessing = 0;
		};
/* End PBXSourcesBuildPhase section */

/* Begin PBXVariantGroup section */
		529D78D21F212A8600B1589C /* Main.storyboard */ = {
			isa = PBXVariantGroup;
			children = (
				529D78D31F212A8600B1589C /* Base */,
			);
			name = Main.storyboard;
			sourceTree = "<group>";
		};
		529D78D71F212A8600B1589C /* LaunchScreen.storyboard */ = {
			isa = PBXVariantGroup;
			children = (
				529D78D81F212A8600B1589C /* Base */,
			);
			name = LaunchScreen.storyboard;
			sourceTree = "<group>";
		};
/* End PBXVariantGroup section */

/* Begin XCBuildConfiguration section */
		529D78DB1F212A8600B1589C /* Debug */ = {
			isa = XCBuildConfiguration;
			buildSettings = {
				ALWAYS_SEARCH_USER_PATHS = NO;
				CLANG_ANALYZER_NONNULL = YES;
				CLANG_ANALYZER_NUMBER_OBJECT_CONVERSION = YES_AGGRESSIVE;
				CLANG_CXX_LANGUAGE_STANDARD = "gnu++0x";
				CLANG_CXX_LIBRARY = "libc++";
				CLANG_ENABLE_MODULES = YES;
				CLANG_ENABLE_OBJC_ARC = YES;
				CLANG_WARN_BOOL_CONVERSION = YES;
				CLANG_WARN_CONSTANT_CONVERSION = YES;
				CLANG_WARN_DIRECT_OBJC_ISA_USAGE = YES_ERROR;
				CLANG_WARN_DOCUMENTATION_COMMENTS = YES;
				CLANG_WARN_EMPTY_BODY = YES;
				CLANG_WARN_ENUM_CONVERSION = YES;
				CLANG_WARN_INFINITE_RECURSION = YES;
				CLANG_WARN_INT_CONVERSION = YES;
				CLANG_WARN_OBJC_ROOT_CLASS = YES_ERROR;
				CLANG_WARN_SUSPICIOUS_MOVE = YES;
				CLANG_WARN_UNREACHABLE_CODE = YES;
				CLANG_WARN__DUPLICATE_METHOD_MATCH = YES;
				"CODE_SIGN_IDENTITY[sdk=iphoneos*]" = "iPhone Developer";
				COPY_PHASE_STRIP = NO;
				DEBUG_INFORMATION_FORMAT = dwarf;
				ENABLE_STRICT_OBJC_MSGSEND = YES;
				ENABLE_TESTABILITY = YES;
				GCC_C_LANGUAGE_STANDARD = gnu99;
				GCC_DYNAMIC_NO_PIC = NO;
				GCC_NO_COMMON_BLOCKS = YES;
				GCC_OPTIMIZATION_LEVEL = 0;
				GCC_PREPROCESSOR_DEFINITIONS = (
					"DEBUG=1",
					"$(inherited)",
				);
				GCC_WARN_64_TO_32_BIT_CONVERSION = YES;
				GCC_WARN_ABOUT_RETURN_TYPE = YES_ERROR;
				GCC_WARN_UNDECLARED_SELECTOR = YES;
				GCC_WARN_UNINITIALIZED_AUTOS = YES_AGGRESSIVE;
				GCC_WARN_UNUSED_FUNCTION = YES;
				GCC_WARN_UNUSED_VARIABLE = YES;
				IPHONEOS_DEPLOYMENT_TARGET = 10.3;
				MTL_ENABLE_DEBUG_INFO = YES;
				ONLY_ACTIVE_ARCH = YES;
				SDKROOT = iphoneos;
				SWIFT_ACTIVE_COMPILATION_CONDITIONS = DEBUG;
				SWIFT_OPTIMIZATION_LEVEL = "-Onone";
			};
			name = Debug;
		};
		529D78DC1F212A8600B1589C /* Release */ = {
			isa = XCBuildConfiguration;
			buildSettings = {
				ALWAYS_SEARCH_USER_PATHS = NO;
				CLANG_ANALYZER_NONNULL = YES;
				CLANG_ANALYZER_NUMBER_OBJECT_CONVERSION = YES_AGGRESSIVE;
				CLANG_CXX_LANGUAGE_STANDARD = "gnu++0x";
				CLANG_CXX_LIBRARY = "libc++";
				CLANG_ENABLE_MODULES = YES;
				CLANG_ENABLE_OBJC_ARC = YES;
				CLANG_WARN_BOOL_CONVERSION = YES;
				CLANG_WARN_CONSTANT_CONVERSION = YES;
				CLANG_WARN_DIRECT_OBJC_ISA_USAGE = YES_ERROR;
				CLANG_WARN_DOCUMENTATION_COMMENTS = YES;
				CLANG_WARN_EMPTY_BODY = YES;
				CLANG_WARN_ENUM_CONVERSION = YES;
				CLANG_WARN_INFINITE_RECURSION = YES;
				CLANG_WARN_INT_CONVERSION = YES;
				CLANG_WARN_OBJC_ROOT_CLASS = YES_ERROR;
				CLANG_WARN_SUSPICIOUS_MOVE = YES;
				CLANG_WARN_UNREACHABLE_CODE = YES;
				CLANG_WARN__DUPLICATE_METHOD_MATCH = YES;
				"CODE_SIGN_IDENTITY[sdk=iphoneos*]" = "iPhone Developer";
				COPY_PHASE_STRIP = NO;
				DEBUG_INFORMATION_FORMAT = "dwarf-with-dsym";
				ENABLE_NS_ASSERTIONS = NO;
				ENABLE_STRICT_OBJC_MSGSEND = YES;
				GCC_C_LANGUAGE_STANDARD = gnu99;
				GCC_NO_COMMON_BLOCKS = YES;
				GCC_WARN_64_TO_32_BIT_CONVERSION = YES;
				GCC_WARN_ABOUT_RETURN_TYPE = YES_ERROR;
				GCC_WARN_UNDECLARED_SELECTOR = YES;
				GCC_WARN_UNINITIALIZED_AUTOS = YES_AGGRESSIVE;
				GCC_WARN_UNUSED_FUNCTION = YES;
				GCC_WARN_UNUSED_VARIABLE = YES;
				IPHONEOS_DEPLOYMENT_TARGET = 10.3;
				MTL_ENABLE_DEBUG_INFO = NO;
				SDKROOT = iphoneos;
				SWIFT_OPTIMIZATION_LEVEL = "-Owholemodule";
				VALIDATE_PRODUCT = YES;
			};
			name = Release;
		};
		529D78DE1F212A8600B1589C /* Debug */ = {
			isa = XCBuildConfiguration;
			buildSettings = {
				ASSETCATALOG_COMPILER_APPICON_NAME = AppIcon;
				DEVELOPMENT_TEAM = W8XEBKJY5M;
				INFOPLIST_FILE = "custom-paging/Info.plist";
				LD_RUNPATH_SEARCH_PATHS = "$(inherited) @executable_path/Frameworks";
				PRODUCT_BUNDLE_IDENTIFIER = "com.jc.custom-paging";
				PRODUCT_NAME = "$(TARGET_NAME)";
				SWIFT_VERSION = 3.0;
			};
			name = Debug;
		};
		529D78DF1F212A8600B1589C /* Release */ = {
			isa = XCBuildConfiguration;
			buildSettings = {
				ASSETCATALOG_COMPILER_APPICON_NAME = AppIcon;
				DEVELOPMENT_TEAM = W8XEBKJY5M;
				INFOPLIST_FILE = "custom-paging/Info.plist";
				LD_RUNPATH_SEARCH_PATHS = "$(inherited) @executable_path/Frameworks";
				PRODUCT_BUNDLE_IDENTIFIER = "com.jc.custom-paging";
				PRODUCT_NAME = "$(TARGET_NAME)";
				SWIFT_VERSION = 3.0;
			};
			name = Release;
		};
/* End XCBuildConfiguration section */

/* Begin XCConfigurationList section */
		529D78C61F212A8600B1589C /* Build configuration list for PBXProject "custom-paging" */ = {
			isa = XCConfigurationList;
			buildConfigurations = (
				529D78DB1F212A8600B1589C /* Debug */,
				529D78DC1F212A8600B1589C /* Release */,
			);
			defaultConfigurationIsVisible = 0;
			defaultConfigurationName = Release;
		};
		529D78DD1F212A8600B1589C /* Build configuration list for PBXNativeTarget "custom-paging" */ = {
			isa = XCConfigurationList;
			buildConfigurations = (
				529D78DE1F212A8600B1589C /* Debug */,
				529D78DF1F212A8600B1589C /* Release */,
			);
			defaultConfigurationIsVisible = 0;
			defaultConfigurationName = Release;
		};
/* End XCConfigurationList section */
	};
	rootObject = 529D78C31F212A8600B1589C /* Project object */;
}
